
Microsoft Visual Studio Solution File, Format Version 12.00
# Visual Studio Version 17
VisualStudioVersion = 17.9.34728.123
MinimumVisualStudioVersion = 10.0.40219.1
Project("{FAE04EC0-301F-11D3-BF4B-00C04F79EFBC}") = "ExpenseTracker", "ExpenseTracker.csproj", "{C6A65DD3-DFC9-497C-B488-F25AA5890FC8}"
EndProject
Global
	GlobalSection(SolutionConfigurationPlatforms) = preSolution
		Debug|Any CPU = Debug|Any CPU
		Release|Any CPU = Release|Any CPU
	EndGlobalSection
	GlobalSection(ProjectConfigurationPlatforms) = postSolution
		{C6A65DD3-DFC9-497C-B488-F25AA5890FC8}.Debug|Any CPU.ActiveCfg = Debug|Any CPU
		{C6A65DD3-DFC9-497C-B488-F25AA5890FC8}.Debug|Any CPU.Build.0 = Debug|Any CPU
		{C6A65DD3-DFC9-497C-B488-F25AA5890FC8}.Release|Any CPU.ActiveCfg = Release|Any CPU
		{C6A65DD3-DFC9-497C-B488-F25AA5890FC8}.Release|Any CPU.Build.0 = Release|Any CPU
	EndGlobalSection
	GlobalSection(SolutionProperties) = preSolution
		HideSolutionNode = FALSE
	EndGlobalSection
	GlobalSection(ExtensibilityGlobals) = postSolution
		SolutionGuid = {841F9ED3-E676-4AA0-B6EC-E383DE65A198}
	EndGlobalSection
EndGlobal
